// !$*UTF8*$!
{
	archiveVersion = 1;
	classes = {
	};
	objectVersion = 55;
	objects = {

/* Begin PBXBuildFile section */
		F0498A9C280B47D300622FEA /* CoinDetailViewController.swift in Sources */ = {isa = PBXBuildFile; fileRef = F0498A9B280B47D300622FEA /* CoinDetailViewController.swift */; };
		F0498A9E280B49D100622FEA /* CoreDataService.swift in Sources */ = {isa = PBXBuildFile; fileRef = F0498A9D280B49D100622FEA /* CoreDataService.swift */; };
		F0AAF19828060D9F00594402 /* AppDelegate.swift in Sources */ = {isa = PBXBuildFile; fileRef = F0AAF19728060D9F00594402 /* AppDelegate.swift */; };
		F0AAF19A28060D9F00594402 /* SceneDelegate.swift in Sources */ = {isa = PBXBuildFile; fileRef = F0AAF19928060D9F00594402 /* SceneDelegate.swift */; };
		F0AAF19C28060D9F00594402 /* ViewController.swift in Sources */ = {isa = PBXBuildFile; fileRef = F0AAF19B28060D9F00594402 /* ViewController.swift */; };
		F0AAF19F28060D9F00594402 /* Main.storyboard in Resources */ = {isa = PBXBuildFile; fileRef = F0AAF19D28060D9F00594402 /* Main.storyboard */; };
		F0AAF1A228060D9F00594402 /* Project.xcdatamodeld in Sources */ = {isa = PBXBuildFile; fileRef = F0AAF1A028060D9F00594402 /* Project.xcdatamodeld */; };
		F0AAF1A428060DA200594402 /* Assets.xcassets in Resources */ = {isa = PBXBuildFile; fileRef = F0AAF1A328060DA200594402 /* Assets.xcassets */; };
		F0AAF1A728060DA200594402 /* LaunchScreen.storyboard in Resources */ = {isa = PBXBuildFile; fileRef = F0AAF1A528060DA200594402 /* LaunchScreen.storyboard */; };
		F0AAF1AF2806121400594402 /* WatchlistTableTableViewController.swift in Sources */ = {isa = PBXBuildFile; fileRef = F0AAF1AE2806121400594402 /* WatchlistTableTableViewController.swift */; };
		F0AAF1B1280616A800594402 /* CoinModel.swift in Sources */ = {isa = PBXBuildFile; fileRef = F0AAF1B0280616A800594402 /* CoinModel.swift */; };
		F0AAF1B328061DA900594402 /* NetworkService.swift in Sources */ = {isa = PBXBuildFile; fileRef = F0AAF1B228061DA900594402 /* NetworkService.swift */; };
/* End PBXBuildFile section */

/* Begin PBXFileReference section */
		F0498A9B280B47D300622FEA /* CoinDetailViewController.swift */ = {isa = PBXFileReference; lastKnownFileType = sourcecode.swift; path = CoinDetailViewController.swift; sourceTree = "<group>"; };
		F0498A9D280B49D100622FEA /* CoreDataService.swift */ = {isa = PBXFileReference; lastKnownFileType = sourcecode.swift; path = CoreDataService.swift; sourceTree = "<group>"; };
		F0AAF19428060D9F00594402 /* Project.app */ = {isa = PBXFileReference; explicitFileType = wrapper.application; includeInIndex = 0; path = Project.app; sourceTree = BUILT_PRODUCTS_DIR; };
		F0AAF19728060D9F00594402 /* AppDelegate.swift */ = {isa = PBXFileReference; lastKnownFileType = sourcecode.swift; path = AppDelegate.swift; sourceTree = "<group>"; };
		F0AAF19928060D9F00594402 /* SceneDelegate.swift */ = {isa = PBXFileReference; lastKnownFileType = sourcecode.swift; path = SceneDelegate.swift; sourceTree = "<group>"; };
		F0AAF19B28060D9F00594402 /* ViewController.swift */ = {isa = PBXFileReference; lastKnownFileType = sourcecode.swift; path = ViewController.swift; sourceTree = "<group>"; };
		F0AAF19E28060D9F00594402 /* Base */ = {isa = PBXFileReference; lastKnownFileType = file.storyboard; name = Base; path = Base.lproj/Main.storyboard; sourceTree = "<group>"; };
		F0AAF1A128060D9F00594402 /* Project.xcdatamodel */ = {isa = PBXFileReference; lastKnownFileType = wrapper.xcdatamodel; path = Project.xcdatamodel; sourceTree = "<group>"; };
		F0AAF1A328060DA200594402 /* Assets.xcassets */ = {isa = PBXFileReference; lastKnownFileType = folder.assetcatalog; path = Assets.xcassets; sourceTree = "<group>"; };
		F0AAF1A628060DA200594402 /* Base */ = {isa = PBXFileReference; lastKnownFileType = file.storyboard; name = Base; path = Base.lproj/LaunchScreen.storyboard; sourceTree = "<group>"; };
		F0AAF1A828060DA200594402 /* Info.plist */ = {isa = PBXFileReference; lastKnownFileType = text.plist.xml; path = Info.plist; sourceTree = "<group>"; };
		F0AAF1AE2806121400594402 /* WatchlistTableTableViewController.swift */ = {isa = PBXFileReference; lastKnownFileType = sourcecode.swift; path = WatchlistTableTableViewController.swift; sourceTree = "<group>"; };
		F0AAF1B0280616A800594402 /* CoinModel.swift */ = {isa = PBXFileReference; lastKnownFileType = sourcecode.swift; path = CoinModel.swift; sourceTree = "<group>"; };
		F0AAF1B228061DA900594402 /* NetworkService.swift */ = {isa = PBXFileReference; lastKnownFileType = sourcecode.swift; path = NetworkService.swift; sourceTree = "<group>"; };
/* End PBXFileReference section */

/* Begin PBXFrameworksBuildPhase section */
		F0AAF19128060D9F00594402 /* Frameworks */ = {
			isa = PBXFrameworksBuildPhase;
			buildActionMask = 2147483647;
			files = (
			);
			runOnlyForDeploymentPostprocessing = 0;
		};
/* End PBXFrameworksBuildPhase section */

/* Begin PBXGroup section */
		F0AAF18B28060D9F00594402 = {
			isa = PBXGroup;
			children = (
				F0AAF19628060D9F00594402 /* Project */,
				F0AAF19528060D9F00594402 /* Products */,
			);
			sourceTree = "<group>";
		};
		F0AAF19528060D9F00594402 /* Products */ = {
			isa = PBXGroup;
			children = (
				F0AAF19428060D9F00594402 /* Project.app */,
			);
			name = Products;
			sourceTree = "<group>";
		};
		F0AAF19628060D9F00594402 /* Project */ = {
			isa = PBXGroup;
			children = (
				F0AAF19728060D9F00594402 /* AppDelegate.swift */,
				F0AAF19928060D9F00594402 /* SceneDelegate.swift */,
				F0AAF19B28060D9F00594402 /* ViewController.swift */,
				F0AAF19D28060D9F00594402 /* Main.storyboard */,
				F0AAF1A328060DA200594402 /* Assets.xcassets */,
				F0AAF1A528060DA200594402 /* LaunchScreen.storyboard */,
				F0AAF1A828060DA200594402 /* Info.plist */,
				F0AAF1A028060D9F00594402 /* Project.xcdatamodeld */,
				F0AAF1AE2806121400594402 /* WatchlistTableTableViewController.swift */,
				F0AAF1B0280616A800594402 /* CoinModel.swift */,
				F0AAF1B228061DA900594402 /* NetworkService.swift */,
				F0498A9B280B47D300622FEA /* CoinDetailViewController.swift */,
				F0498A9D280B49D100622FEA /* CoreDataService.swift */,
			);
			path = Project;
			sourceTree = "<group>";
		};
/* End PBXGroup section */

/* Begin PBXNativeTarget section */
		F0AAF19328060D9F00594402 /* Project */ = {
			isa = PBXNativeTarget;
			buildConfigurationList = F0AAF1AB28060DA200594402 /* Build configuration list for PBXNativeTarget "Project" */;
			buildPhases = (
				F0AAF19028060D9F00594402 /* Sources */,
				F0AAF19128060D9F00594402 /* Frameworks */,
				F0AAF19228060D9F00594402 /* Resources */,
			);
			buildRules = (
			);
			dependencies = (
			);
			name = Project;
			productName = Project;
			productReference = F0AAF19428060D9F00594402 /* Project.app */;
			productType = "com.apple.product-type.application";
		};
/* End PBXNativeTarget section */

/* Begin PBXProject section */
		F0AAF18C28060D9F00594402 /* Project object */ = {
			isa = PBXProject;
			attributes = {
				BuildIndependentTargetsInParallel = 1;
				LastSwiftUpdateCheck = 1330;
				LastUpgradeCheck = 1330;
				TargetAttributes = {
					F0AAF19328060D9F00594402 = {
						CreatedOnToolsVersion = 13.3;
					};
				};
			};
			buildConfigurationList = F0AAF18F28060D9F00594402 /* Build configuration list for PBXProject "Project" */;
			compatibilityVersion = "Xcode 13.0";
			developmentRegion = en;
			hasScannedForEncodings = 0;
			knownRegions = (
				en,
				Base,
			);
			mainGroup = F0AAF18B28060D9F00594402;
			productRefGroup = F0AAF19528060D9F00594402 /* Products */;
			projectDirPath = "";
			projectRoot = "";
			targets = (
				F0AAF19328060D9F00594402 /* Project */,
			);
		};
/* End PBXProject section */

/* Begin PBXResourcesBuildPhase section */
		F0AAF19228060D9F00594402 /* Resources */ = {
			isa = PBXResourcesBuildPhase;
			buildActionMask = 2147483647;
			files = (
				F0AAF1A728060DA200594402 /* LaunchScreen.storyboard in Resources */,
				F0AAF1A428060DA200594402 /* Assets.xcassets in Resources */,
				F0AAF19F28060D9F00594402 /* Main.storyboard in Resources */,
			);
			runOnlyForDeploymentPostprocessing = 0;
		};
/* End PBXResourcesBuildPhase section */

/* Begin PBXSourcesBuildPhase section */
		F0AAF19028060D9F00594402 /* Sources */ = {
			isa = PBXSourcesBuildPhase;
			buildActionMask = 2147483647;
			files = (
				F0AAF19C28060D9F00594402 /* ViewController.swift in Sources */,
				F0498A9E280B49D100622FEA /* CoreDataService.swift in Sources */,
				F0AAF19828060D9F00594402 /* AppDelegate.swift in Sources */,
				F0AAF19A28060D9F00594402 /* SceneDelegate.swift in Sources */,
				F0498A9C280B47D300622FEA /* CoinDetailViewController.swift in Sources */,
				F0AAF1AF2806121400594402 /* WatchlistTableTableViewController.swift in Sources */,
				F0AAF1B1280616A800594402 /* CoinModel.swift in Sources */,
				F0AAF1A228060D9F00594402 /* Project.xcdatamodeld in Sources */,
				F0AAF1B328061DA900594402 /* NetworkService.swift in Sources */,
			);
			runOnlyForDeploymentPostprocessing = 0;
		};
/* End PBXSourcesBuildPhase section */

/* Begin PBXVariantGroup section */
		F0AAF19D28060D9F00594402 /* Main.storyboard */ = {
			isa = PBXVariantGroup;
			children = (
				F0AAF19E28060D9F00594402 /* Base */,
			);
			name = Main.storyboard;
			sourceTree = "<group>";
		};
		F0AAF1A528060DA200594402 /* LaunchScreen.storyboard */ = {
			isa = PBXVariantGroup;
			children = (
				F0AAF1A628060DA200594402 /* Base */,
			);
			name = LaunchScreen.storyboard;
			sourceTree = "<group>";
		};
/* End PBXVariantGroup section */

/* Begin XCBuildConfiguration section */
		F0AAF1A928060DA200594402 /* Debug */ = {
			isa = XCBuildConfiguration;
			buildSettings = {
				ALWAYS_SEARCH_USER_PATHS = NO;
				CLANG_ANALYZER_NONNULL = YES;
				CLANG_ANALYZER_NUMBER_OBJECT_CONVERSION = YES_AGGRESSIVE;
				CLANG_CXX_LANGUAGE_STANDARD = "gnu++17";
				CLANG_ENABLE_MODULES = YES;
				CLANG_ENABLE_OBJC_ARC = YES;
				CLANG_ENABLE_OBJC_WEAK = YES;
				CLANG_WARN_BLOCK_CAPTURE_AUTORELEASING = YES;
				CLANG_WARN_BOOL_CONVERSION = YES;
				CLANG_WARN_COMMA = YES;
				CLANG_WARN_CONSTANT_CONVERSION = YES;
				CLANG_WARN_DEPRECATED_OBJC_IMPLEMENTATIONS = YES;
				CLANG_WARN_DIRECT_OBJC_ISA_USAGE = YES_ERROR;
				CLANG_WARN_DOCUMENTATION_COMMENTS = YES;
				CLANG_WARN_EMPTY_BODY = YES;
				CLANG_WARN_ENUM_CONVERSION = YES;
				CLANG_WARN_INFINITE_RECURSION = YES;
				CLANG_WARN_INT_CONVERSION = YES;
				CLANG_WARN_NON_LITERAL_NULL_CONVERSION = YES;
				CLANG_WARN_OBJC_IMPLICIT_RETAIN_SELF = YES;
				CLANG_WARN_OBJC_LITERAL_CONVERSION = YES;
				CLANG_WARN_OBJC_ROOT_CLASS = YES_ERROR;
				CLANG_WARN_QUOTED_INCLUDE_IN_FRAMEWORK_HEADER = YES;
				CLANG_WARN_RANGE_LOOP_ANALYSIS = YES;
				CLANG_WARN_STRICT_PROTOTYPES = YES;
				CLANG_WARN_SUSPICIOUS_MOVE = YES;
				CLANG_WARN_UNGUARDED_AVAILABILITY = YES_AGGRESSIVE;
				CLANG_WARN_UNREACHABLE_CODE = YES;
				CLANG_WARN__DUPLICATE_METHOD_MATCH = YES;
				COPY_PHASE_STRIP = NO;
				DEBUG_INFORMATION_FORMAT = dwarf;
				ENABLE_STRICT_OBJC_MSGSEND = YES;
				ENABLE_TESTABILITY = YES;
				GCC_C_LANGUAGE_STANDARD = gnu11;
				GCC_DYNAMIC_NO_PIC = NO;
				GCC_NO_COMMON_BLOCKS = YES;
				GCC_OPTIMIZATION_LEVEL = 0;
				GCC_PREPROCESSOR_DEFINITIONS = (
					"DEBUG=1",
					"$(inherited)",
				);
				GCC_WARN_64_TO_32_BIT_CONVERSION = YES;
				GCC_WARN_ABOUT_RETURN_TYPE = YES_ERROR;
				GCC_WARN_UNDECLARED_SELECTOR = YES;
				GCC_WARN_UNINITIALIZED_AUTOS = YES_AGGRESSIVE;
				GCC_WARN_UNUSED_FUNCTION = YES;
				GCC_WARN_UNUSED_VARIABLE = YES;
				IPHONEOS_DEPLOYMENT_TARGET = 15.4;
				MTL_ENABLE_DEBUG_INFO = INCLUDE_SOURCE;
				MTL_FAST_MATH = YES;
				ONLY_ACTIVE_ARCH = YES;
				SDKROOT = iphoneos;
				SWIFT_ACTIVE_COMPILATION_CONDITIONS = DEBUG;
				SWIFT_OPTIMIZATION_LEVEL = "-Onone";
			};
			name = Debug;
		};
		F0AAF1AA28060DA200594402 /* Release */ = {
			isa = XCBuildConfiguration;
			buildSettings = {
				ALWAYS_SEARCH_USER_PATHS = NO;
				CLANG_ANALYZER_NONNULL = YES;
				CLANG_ANALYZER_NUMBER_OBJECT_CONVERSION = YES_AGGRESSIVE;
				CLANG_CXX_LANGUAGE_STANDARD = "gnu++17";
				CLANG_ENABLE_MODULES = YES;
				CLANG_ENABLE_OBJC_ARC = YES;
				CLANG_ENABLE_OBJC_WEAK = YES;
				CLANG_WARN_BLOCK_CAPTURE_AUTORELEASING = YES;
				CLANG_WARN_BOOL_CONVERSION = YES;
				CLANG_WARN_COMMA = YES;
				CLANG_WARN_CONSTANT_CONVERSION = YES;
				CLANG_WARN_DEPRECATED_OBJC_IMPLEMENTATIONS = YES;
				CLANG_WARN_DIRECT_OBJC_ISA_USAGE = YES_ERROR;
				CLANG_WARN_DOCUMENTATION_COMMENTS = YES;
				CLANG_WARN_EMPTY_BODY = YES;
				CLANG_WARN_ENUM_CONVERSION = YES;
				CLANG_WARN_INFINITE_RECURSION = YES;
				CLANG_WARN_INT_CONVERSION = YES;
				CLANG_WARN_NON_LITERAL_NULL_CONVERSION = YES;
				CLANG_WARN_OBJC_IMPLICIT_RETAIN_SELF = YES;
				CLANG_WARN_OBJC_LITERAL_CONVERSION = YES;
				CLANG_WARN_OBJC_ROOT_CLASS = YES_ERROR;
				CLANG_WARN_QUOTED_INCLUDE_IN_FRAMEWORK_HEADER = YES;
				CLANG_WARN_RANGE_LOOP_ANALYSIS = YES;
				CLANG_WARN_STRICT_PROTOTYPES = YES;
				CLANG_WARN_SUSPICIOUS_MOVE = YES;
				CLANG_WARN_UNGUARDED_AVAILABILITY = YES_AGGRESSIVE;
				CLANG_WARN_UNREACHABLE_CODE = YES;
				CLANG_WARN__DUPLICATE_METHOD_MATCH = YES;
				COPY_PHASE_STRIP = NO;
				DEBUG_INFORMATION_FORMAT = "dwarf-with-dsym";
				ENABLE_NS_ASSERTIONS = NO;
				ENABLE_STRICT_OBJC_MSGSEND = YES;
				GCC_C_LANGUAGE_STANDARD = gnu11;
				GCC_NO_COMMON_BLOCKS = YES;
				GCC_WARN_64_TO_32_BIT_CONVERSION = YES;
				GCC_WARN_ABOUT_RETURN_TYPE = YES_ERROR;
				GCC_WARN_UNDECLARED_SELECTOR = YES;
				GCC_WARN_UNINITIALIZED_AUTOS = YES_AGGRESSIVE;
				GCC_WARN_UNUSED_FUNCTION = YES;
				GCC_WARN_UNUSED_VARIABLE = YES;
				IPHONEOS_DEPLOYMENT_TARGET = 15.4;
				MTL_ENABLE_DEBUG_INFO = NO;
				MTL_FAST_MATH = YES;
				SDKROOT = iphoneos;
				SWIFT_COMPILATION_MODE = wholemodule;
				SWIFT_OPTIMIZATION_LEVEL = "-O";
				VALIDATE_PRODUCT = YES;
			};
			name = Release;
		};
		F0AAF1AC28060DA200594402 /* Debug */ = {
			isa = XCBuildConfiguration;
			buildSettings = {
				ASSETCATALOG_COMPILER_APPICON_NAME = AppIcon;
				ASSETCATALOG_COMPILER_GLOBAL_ACCENT_COLOR_NAME = AccentColor;
				CODE_SIGN_STYLE = Automatic;
				CURRENT_PROJECT_VERSION = 1;
				DEVELOPMENT_TEAM = 2B9SADZ6UV;
				GENERATE_INFOPLIST_FILE = YES;
				INFOPLIST_FILE = Project/Info.plist;
				INFOPLIST_KEY_UIApplicationSupportsIndirectInputEvents = YES;
				INFOPLIST_KEY_UILaunchStoryboardName = LaunchScreen;
				INFOPLIST_KEY_UIMainStoryboardFile = Main;
				INFOPLIST_KEY_UISupportedInterfaceOrientations_iPad = "UIInterfaceOrientationPortrait UIInterfaceOrientationPortraitUpsideDown UIInterfaceOrientationLandscapeLeft UIInterfaceOrientationLandscapeRight";
				INFOPLIST_KEY_UISupportedInterfaceOrientations_iPhone = "UIInterfaceOrientationPortrait UIInterfaceOrientationLandscapeLeft UIInterfaceOrientationLandscapeRight";
				LD_RUNPATH_SEARCH_PATHS = (
					"$(inherited)",
					"@executable_path/Frameworks",
				);
				MARKETING_VERSION = 1.0;
				PRODUCT_BUNDLE_IDENTIFIER = ca.humber.Project;
				PRODUCT_NAME = "$(TARGET_NAME)";
				SWIFT_EMIT_LOC_STRINGS = YES;
				SWIFT_VERSION = 5.0;
				TARGETED_DEVICE_FAMILY = "1,2";
			};
			name = Debug;
		};
		F0AAF1AD28060DA200594402 /* Release */ = {
			isa = XCBuildConfiguration;
			buildSettings = {
				ASSETCATALOG_COMPILER_APPICON_NAME = AppIcon;
				ASSETCATALOG_COMPILER_GLOBAL_ACCENT_COLOR_NAME = AccentColor;
				CODE_SIGN_STYLE = Automatic;
				CURRENT_PROJECT_VERSION = 1;
				DEVELOPMENT_TEAM = 2B9SADZ6UV;
				GENERATE_INFOPLIST_FILE = YES;
				INFOPLIST_FILE = Project/Info.plist;
				INFOPLIST_KEY_UIApplicationSupportsIndirectInputEvents = YES;
				INFOPLIST_KEY_UILaunchStoryboardName = LaunchScreen;
				INFOPLIST_KEY_UIMainStoryboardFile = Main;
				INFOPLIST_KEY_UISupportedInterfaceOrientations_iPad = "UIInterfaceOrientationPortrait UIInterfaceOrientationPortraitUpsideDown UIInterfaceOrientationLandscapeLeft UIInterfaceOrientationLandscapeRight";
				INFOPLIST_KEY_UISupportedInterfaceOrientations_iPhone = "UIInterfaceOrientationPortrait UIInterfaceOrientationLandscapeLeft UIInterfaceOrientationLandscapeRight";
				LD_RUNPATH_SEARCH_PATHS = (
					"$(inherited)",
					"@executable_path/Frameworks",
				);
				MARKETING_VERSION = 1.0;
				PRODUCT_BUNDLE_IDENTIFIER = ca.humber.Project;
				PRODUCT_NAME = "$(TARGET_NAME)";
				SWIFT_EMIT_LOC_STRINGS = YES;
				SWIFT_VERSION = 5.0;
				TARGETED_DEVICE_FAMILY = "1,2";
			};
			name = Release;
		};
/* End XCBuildConfiguration section */

/* Begin XCConfigurationList section */
		F0AAF18F28060D9F00594402 /* Build configuration list for PBXProject "Project" */ = {
			isa = XCConfigurationList;
			buildConfigurations = (
				F0AAF1A928060DA200594402 /* Debug */,
				F0AAF1AA28060DA200594402 /* Release */,
			);
			defaultConfigurationIsVisible = 0;
			defaultConfigurationName = Release;
		};
		F0AAF1AB28060DA200594402 /* Build configuration list for PBXNativeTarget "Project" */ = {
			isa = XCConfigurationList;
			buildConfigurations = (
				F0AAF1AC28060DA200594402 /* Debug */,
				F0AAF1AD28060DA200594402 /* Release */,
			);
			defaultConfigurationIsVisible = 0;
			defaultConfigurationName = Release;
		};
/* End XCConfigurationList section */

/* Begin XCVersionGroup section */
		F0AAF1A028060D9F00594402 /* Project.xcdatamodeld */ = {
			isa = XCVersionGroup;
			children = (
				F0AAF1A128060D9F00594402 /* Project.xcdatamodel */,
			);
			currentVersion = F0AAF1A128060D9F00594402 /* Project.xcdatamodel */;
			path = Project.xcdatamodeld;
			sourceTree = "<group>";
			versionGroupType = wrapper.xcdatamodel;
		};
/* End XCVersionGroup section */
	};
	rootObject = F0AAF18C28060D9F00594402 /* Project object */;
}
